
Microsoft Visual Studio Solution File, Format Version 12.00
# Visual Studio Version 16
VisualStudioVersion = 16.0.30104.148
MinimumVisualStudioVersion = 10.0.40219.1
Project("{9A19103F-16F7-4668-BE54-9A1E7A4F7556}") = "BulkyBook", "BulkyBook\BulkyBook.csproj", "{CADF9A95-5C42-445C-AC79-E02CDF76FE72}"
EndProject
Project("{FAE04EC0-301F-11D3-BF4B-00C04F79EFBC}") = "BulkyBook.DataAccess", "BulkyBook.DataAccess\BulkyBook.DataAccess.csproj", "{691207F0-16B5-40AC-A9B3-DB512ED82028}"
EndProject
Project("{FAE04EC0-301F-11D3-BF4B-00C04F79EFBC}") = "BulkyBook.Models", "BulkyBook.Models\BulkyBook.Models.csproj", "{3A86E4CB-374E-49AC-82FA-AE666D909E63}"
EndProject
Project("{FAE04EC0-301F-11D3-BF4B-00C04F79EFBC}") = "BulkyBook.Utility", "BulkyBook.Utility\BulkyBook.Utility.csproj", "{3592F7CE-FA48-41DE-8279-241D6245995D}"
EndProject
Global
	GlobalSection(SolutionConfigurationPlatforms) = preSolution
		Debug|Any CPU = Debug|Any CPU
		Release|Any CPU = Release|Any CPU
	EndGlobalSection
	GlobalSection(ProjectConfigurationPlatforms) = postSolution
		{CADF9A95-5C42-445C-AC79-E02CDF76FE72}.Debug|Any CPU.ActiveCfg = Debug|Any CPU
		{CADF9A95-5C42-445C-AC79-E02CDF76FE72}.Debug|Any CPU.Build.0 = Debug|Any CPU
		{CADF9A95-5C42-445C-AC79-E02CDF76FE72}.Release|Any CPU.ActiveCfg = Release|Any CPU
		{CADF9A95-5C42-445C-AC79-E02CDF76FE72}.Release|Any CPU.Build.0 = Release|Any CPU
		{691207F0-16B5-40AC-A9B3-DB512ED82028}.Debug|Any CPU.ActiveCfg = Debug|Any CPU
		{691207F0-16B5-40AC-A9B3-DB512ED82028}.Debug|Any CPU.Build.0 = Debug|Any CPU
		{691207F0-16B5-40AC-A9B3-DB512ED82028}.Release|Any CPU.ActiveCfg = Release|Any CPU
		{691207F0-16B5-40AC-A9B3-DB512ED82028}.Release|Any CPU.Build.0 = Release|Any CPU
		{3A86E4CB-374E-49AC-82FA-AE666D909E63}.Debug|Any CPU.ActiveCfg = Debug|Any CPU
		{3A86E4CB-374E-49AC-82FA-AE666D909E63}.Debug|Any CPU.Build.0 = Debug|Any CPU
		{3A86E4CB-374E-49AC-82FA-AE666D909E63}.Release|Any CPU.ActiveCfg = Release|Any CPU
		{3A86E4CB-374E-49AC-82FA-AE666D909E63}.Release|Any CPU.Build.0 = Release|Any CPU
		{3592F7CE-FA48-41DE-8279-241D6245995D}.Debug|Any CPU.ActiveCfg = Debug|Any CPU
		{3592F7CE-FA48-41DE-8279-241D6245995D}.Debug|Any CPU.Build.0 = Debug|Any CPU
		{3592F7CE-FA48-41DE-8279-241D6245995D}.Release|Any CPU.ActiveCfg = Release|Any CPU
		{3592F7CE-FA48-41DE-8279-241D6245995D}.Release|Any CPU.Build.0 = Release|Any CPU
	EndGlobalSection
	GlobalSection(SolutionProperties) = preSolution
		HideSolutionNode = FALSE
	EndGlobalSection
	GlobalSection(ExtensibilityGlobals) = postSolution
		SolutionGuid = {17978321-19B6-4513-92BA-6DA04713D21A}
	EndGlobalSection
EndGlobal
